
Microsoft Visual Studio Solution File, Format Version 12.00
# Visual Studio Version 17
VisualStudioVersion = 17.0.31903.59
MinimumVisualStudioVersion = 10.0.40219.1
Project("{FAE04EC0-301F-11D3-BF4B-00C04F79EFBC}") = "Calendar", "Calendar\Calendar.csproj", "{019433B4-BA7C-4C9F-A505-34916620ECC7}"
EndProject
Project("{FAE04EC0-301F-11D3-BF4B-00C04F79EFBC}") = "Calendar.Core", "Calendar.Core\Calendar.Core.csproj", "{D30E28FE-63ED-470D-A11C-3738BA701D3D}"
EndProject
Project("{FAE04EC0-301F-11D3-BF4B-00C04F79EFBC}") = "Calendar.Core.Tests", "Calendar.Core.Tests\Calendar.Core.Tests.csproj", "{FBFE653D-A35D-46D5-BDA7-1C769776F8EA}"
EndProject
Global
	GlobalSection(SolutionConfigurationPlatforms) = preSolution
		Debug|Any CPU = Debug|Any CPU
		Release|Any CPU = Release|Any CPU
	EndGlobalSection
	GlobalSection(SolutionProperties) = preSolution
		HideSolutionNode = FALSE
	EndGlobalSection
	GlobalSection(ProjectConfigurationPlatforms) = postSolution
		{019433B4-BA7C-4C9F-A505-34916620ECC7}.Debug|Any CPU.ActiveCfg = Debug|Any CPU
		{019433B4-BA7C-4C9F-A505-34916620ECC7}.Debug|Any CPU.Build.0 = Debug|Any CPU
		{019433B4-BA7C-4C9F-A505-34916620ECC7}.Release|Any CPU.ActiveCfg = Release|Any CPU
		{019433B4-BA7C-4C9F-A505-34916620ECC7}.Release|Any CPU.Build.0 = Release|Any CPU
		{D30E28FE-63ED-470D-A11C-3738BA701D3D}.Debug|Any CPU.ActiveCfg = Debug|Any CPU
		{D30E28FE-63ED-470D-A11C-3738BA701D3D}.Debug|Any CPU.Build.0 = Debug|Any CPU
		{D30E28FE-63ED-470D-A11C-3738BA701D3D}.Release|Any CPU.ActiveCfg = Release|Any CPU
		{D30E28FE-63ED-470D-A11C-3738BA701D3D}.Release|Any CPU.Build.0 = Release|Any CPU
		{FBFE653D-A35D-46D5-BDA7-1C769776F8EA}.Debug|Any CPU.ActiveCfg = Debug|Any CPU
		{FBFE653D-A35D-46D5-BDA7-1C769776F8EA}.Debug|Any CPU.Build.0 = Debug|Any CPU
		{FBFE653D-A35D-46D5-BDA7-1C769776F8EA}.Release|Any CPU.ActiveCfg = Release|Any CPU
		{FBFE653D-A35D-46D5-BDA7-1C769776F8EA}.Release|Any CPU.Build.0 = Release|Any CPU
	EndGlobalSection
EndGlobal
